// !$*UTF8*$!
{
	archiveVersion = 1;
	classes = {
	};
	objectVersion = 56;
	objects = {

/* Begin PBXBuildFile section */
		7230369E2C334F2D004BC6A5 /* AppDelegate.swift in Sources */ = {isa = PBXBuildFile; fileRef = 7230369D2C334F2D004BC6A5 /* AppDelegate.swift */; };
		723036A02C334F2D004BC6A5 /* SceneDelegate.swift in Sources */ = {isa = PBXBuildFile; fileRef = 7230369F2C334F2D004BC6A5 /* SceneDelegate.swift */; };
		723036A72C334F2E004BC6A5 /* Assets.xcassets in Resources */ = {isa = PBXBuildFile; fileRef = 723036A62C334F2E004BC6A5 /* Assets.xcassets */; };
		723036AA2C334F2E004BC6A5 /* Base in Resources */ = {isa = PBXBuildFile; fileRef = 723036A92C334F2E004BC6A5 /* Base */; };
		723036B52C334F2E004BC6A5 /* AlgomaLibraryTests.swift in Sources */ = {isa = PBXBuildFile; fileRef = 723036B42C334F2E004BC6A5 /* AlgomaLibraryTests.swift */; };
		723036BF2C334F2E004BC6A5 /* AlgomaLibraryUITests.swift in Sources */ = {isa = PBXBuildFile; fileRef = 723036BE2C334F2E004BC6A5 /* AlgomaLibraryUITests.swift */; };
		723036C12C334F2E004BC6A5 /* AlgomaLibraryUITestsLaunchTests.swift in Sources */ = {isa = PBXBuildFile; fileRef = 723036C02C334F2E004BC6A5 /* AlgomaLibraryUITestsLaunchTests.swift */; };
		723036D12C335250004BC6A5 /* GoogleService-Info.plist in Resources */ = {isa = PBXBuildFile; fileRef = 723036D02C335250004BC6A5 /* GoogleService-Info.plist */; };
		7230370E2C3361EA004BC6A5 /* AuthService.swift in Sources */ = {isa = PBXBuildFile; fileRef = 7230370D2C3361EA004BC6A5 /* AuthService.swift */; };
		723037112C3363D5004BC6A5 /* RegisterUserRequest.swift in Sources */ = {isa = PBXBuildFile; fileRef = 723037102C3363D5004BC6A5 /* RegisterUserRequest.swift */; };
		723037142C336E0E004BC6A5 /* ForgotPasswordController.swift in Sources */ = {isa = PBXBuildFile; fileRef = 723037132C336E0E004BC6A5 /* ForgotPasswordController.swift */; };
		723037162C336E2A004BC6A5 /* LoginController.swift in Sources */ = {isa = PBXBuildFile; fileRef = 723037152C336E2A004BC6A5 /* LoginController.swift */; };
		723037182C336E47004BC6A5 /* RegisterController.swift in Sources */ = {isa = PBXBuildFile; fileRef = 723037172C336E47004BC6A5 /* RegisterController.swift */; };
		7230371A2C336E5C004BC6A5 /* HomeController.swift in Sources */ = {isa = PBXBuildFile; fileRef = 723037192C336E5C004BC6A5 /* HomeController.swift */; };
		7230374A2C35EAF8004BC6A5 /* AuthHeaderView.swift in Sources */ = {isa = PBXBuildFile; fileRef = 723037492C35EAF8004BC6A5 /* AuthHeaderView.swift */; };
		7232B0EC2C4A1D9E00E073D9 /* PrivacyPolicyViewController.swift in Sources */ = {isa = PBXBuildFile; fileRef = 7232B0EB2C4A1D9E00E073D9 /* PrivacyPolicyViewController.swift */; };
		7232B0EF2C4B350600E073D9 /* FirebaseAnalytics in Frameworks */ = {isa = PBXBuildFile; productRef = 7232B0EE2C4B350600E073D9 /* FirebaseAnalytics */; };
		7232B0F12C4B350600E073D9 /* FirebaseAnalyticsOnDeviceConversion in Frameworks */ = {isa = PBXBuildFile; productRef = 7232B0F02C4B350600E073D9 /* FirebaseAnalyticsOnDeviceConversion */; };
		7232B0F32C4B350600E073D9 /* FirebaseAnalyticsSwift in Frameworks */ = {isa = PBXBuildFile; productRef = 7232B0F22C4B350600E073D9 /* FirebaseAnalyticsSwift */; };
		7232B0F52C4B350600E073D9 /* FirebaseAnalyticsWithoutAdIdSupport in Frameworks */ = {isa = PBXBuildFile; productRef = 7232B0F42C4B350600E073D9 /* FirebaseAnalyticsWithoutAdIdSupport */; };
		7232B0F72C4B350600E073D9 /* FirebaseAppCheck in Frameworks */ = {isa = PBXBuildFile; productRef = 7232B0F62C4B350600E073D9 /* FirebaseAppCheck */; };
		7232B0F92C4B350600E073D9 /* FirebaseAppDistribution-Beta in Frameworks */ = {isa = PBXBuildFile; productRef = 7232B0F82C4B350600E073D9 /* FirebaseAppDistribution-Beta */; };
		7232B0FB2C4B350600E073D9 /* FirebaseAuth in Frameworks */ = {isa = PBXBuildFile; productRef = 7232B0FA2C4B350600E073D9 /* FirebaseAuth */; };
		7232B0FD2C4B350600E073D9 /* FirebaseAuthCombine-Community in Frameworks */ = {isa = PBXBuildFile; productRef = 7232B0FC2C4B350600E073D9 /* FirebaseAuthCombine-Community */; };
		7232B0FF2C4B350600E073D9 /* FirebaseCrashlytics in Frameworks */ = {isa = PBXBuildFile; productRef = 7232B0FE2C4B350600E073D9 /* FirebaseCrashlytics */; };
		7232B1012C4B350600E073D9 /* FirebaseDatabase in Frameworks */ = {isa = PBXBuildFile; productRef = 7232B1002C4B350600E073D9 /* FirebaseDatabase */; };
		7232B1032C4B350600E073D9 /* FirebaseDatabaseSwift in Frameworks */ = {isa = PBXBuildFile; productRef = 7232B1022C4B350600E073D9 /* FirebaseDatabaseSwift */; };
		7232B1052C4B350600E073D9 /* FirebaseDynamicLinks in Frameworks */ = {isa = PBXBuildFile; productRef = 7232B1042C4B350600E073D9 /* FirebaseDynamicLinks */; };
		7232B1072C4B350600E073D9 /* FirebaseFirestore in Frameworks */ = {isa = PBXBuildFile; productRef = 7232B1062C4B350600E073D9 /* FirebaseFirestore */; };
		7232B1092C4B350600E073D9 /* FirebaseFirestoreCombine-Community in Frameworks */ = {isa = PBXBuildFile; productRef = 7232B1082C4B350600E073D9 /* FirebaseFirestoreCombine-Community */; };
		7232B10B2C4B350600E073D9 /* FirebaseFirestoreSwift in Frameworks */ = {isa = PBXBuildFile; productRef = 7232B10A2C4B350600E073D9 /* FirebaseFirestoreSwift */; };
		7232B10D2C4B350600E073D9 /* FirebaseFunctions in Frameworks */ = {isa = PBXBuildFile; productRef = 7232B10C2C4B350600E073D9 /* FirebaseFunctions */; };
		7232B10F2C4B350600E073D9 /* FirebaseFunctionsCombine-Community in Frameworks */ = {isa = PBXBuildFile; productRef = 7232B10E2C4B350600E073D9 /* FirebaseFunctionsCombine-Community */; };
		7232B1112C4B350600E073D9 /* FirebaseInAppMessaging-Beta in Frameworks */ = {isa = PBXBuildFile; productRef = 7232B1102C4B350600E073D9 /* FirebaseInAppMessaging-Beta */; };
		7232B1132C4B350600E073D9 /* FirebaseInAppMessagingSwift-Beta in Frameworks */ = {isa = PBXBuildFile; productRef = 7232B1122C4B350600E073D9 /* FirebaseInAppMessagingSwift-Beta */; };
		7232B1152C4B350600E073D9 /* FirebaseInstallations in Frameworks */ = {isa = PBXBuildFile; productRef = 7232B1142C4B350600E073D9 /* FirebaseInstallations */; };
		7232B1172C4B350600E073D9 /* FirebaseMLModelDownloader in Frameworks */ = {isa = PBXBuildFile; productRef = 7232B1162C4B350600E073D9 /* FirebaseMLModelDownloader */; };
		7232B1192C4B350600E073D9 /* FirebaseMessaging in Frameworks */ = {isa = PBXBuildFile; productRef = 7232B1182C4B350600E073D9 /* FirebaseMessaging */; };
		7232B11B2C4B350600E073D9 /* FirebasePerformance in Frameworks */ = {isa = PBXBuildFile; productRef = 7232B11A2C4B350600E073D9 /* FirebasePerformance */; };
		7232B11D2C4B350600E073D9 /* FirebaseRemoteConfig in Frameworks */ = {isa = PBXBuildFile; productRef = 7232B11C2C4B350600E073D9 /* FirebaseRemoteConfig */; };
		7232B11F2C4B350600E073D9 /* FirebaseRemoteConfigSwift in Frameworks */ = {isa = PBXBuildFile; productRef = 7232B11E2C4B350600E073D9 /* FirebaseRemoteConfigSwift */; };
		7232B1212C4B350600E073D9 /* FirebaseStorage in Frameworks */ = {isa = PBXBuildFile; productRef = 7232B1202C4B350600E073D9 /* FirebaseStorage */; };
		7232B1232C4B350600E073D9 /* FirebaseStorageCombine-Community in Frameworks */ = {isa = PBXBuildFile; productRef = 7232B1222C4B350600E073D9 /* FirebaseStorageCombine-Community */; };
		7232B1252C4B350600E073D9 /* FirebaseVertexAI-Preview in Frameworks */ = {isa = PBXBuildFile; productRef = 7232B1242C4B350600E073D9 /* FirebaseVertexAI-Preview */; };
		7232B1272C4B901900E073D9 /* LoginUserRequest.swift in Sources */ = {isa = PBXBuildFile; fileRef = 7232B1262C4B901900E073D9 /* LoginUserRequest.swift */; };
		7232B1292C4BA0B700E073D9 /* Validator.swift in Sources */ = {isa = PBXBuildFile; fileRef = 7232B1282C4BA0B700E073D9 /* Validator.swift */; };
		7275C37B2C476E7100C151CF /* CategoryDetailViewController.swift in Sources */ = {isa = PBXBuildFile; fileRef = 7275C37A2C476E7100C151CF /* CategoryDetailViewController.swift */; };
		7275C37D2C482B1400C151CF /* EditProfileController.swift in Sources */ = {isa = PBXBuildFile; fileRef = 7275C37C2C482B1400C151CF /* EditProfileController.swift */; };
		7275C37F2C4846A100C151CF /* ProfileImageSelectionViewController.swift in Sources */ = {isa = PBXBuildFile; fileRef = 7275C37E2C4846A100C151CF /* ProfileImageSelectionViewController.swift */; };
		7275C3812C484D1000C151CF /* HalfSizePresentationController.swift in Sources */ = {isa = PBXBuildFile; fileRef = 7275C3802C484D1000C151CF /* HalfSizePresentationController.swift */; };
		7275C3832C4887E300C151CF /* ChangePasswordViewController.swift in Sources */ = {isa = PBXBuildFile; fileRef = 7275C3822C4887E300C151CF /* ChangePasswordViewController.swift */; };
		7275C3852C488D8800C151CF /* FriendsViewController.swift in Sources */ = {isa = PBXBuildFile; fileRef = 7275C3842C488D8800C151CF /* FriendsViewController.swift */; };
		7275C3872C488F0100C151CF /* LoanedBooksController.swift in Sources */ = {isa = PBXBuildFile; fileRef = 7275C3862C488F0100C151CF /* LoanedBooksController.swift */; };
		72B819112C4594A700F22B35 /* CustomTextField.swift in Sources */ = {isa = PBXBuildFile; fileRef = 72B819102C4594A700F22B35 /* CustomTextField.swift */; };
		72B819132C45A36600F22B35 /* CustomButton.swift in Sources */ = {isa = PBXBuildFile; fileRef = 72B819122C45A36600F22B35 /* CustomButton.swift */; };
		72B819152C45C77100F22B35 /* WebViewController.swift in Sources */ = {isa = PBXBuildFile; fileRef = 72B819142C45C77100F22B35 /* WebViewController.swift */; };
		72B819182C46A6E800F22B35 /* ProfileController.swift in Sources */ = {isa = PBXBuildFile; fileRef = 72B819172C46A6E800F22B35 /* ProfileController.swift */; };
		72B8191A2C46E47600F22B35 /* AlertManager.swift in Sources */ = {isa = PBXBuildFile; fileRef = 72B819192C46E47600F22B35 /* AlertManager.swift */; };
		72B8191C2C4732D300F22B35 /* BooksController.swift in Sources */ = {isa = PBXBuildFile; fileRef = 72B8191B2C4732D300F22B35 /* BooksController.swift */; };
		72B8191E2C4732ED00F22B35 /* DetailsController.swift in Sources */ = {isa = PBXBuildFile; fileRef = 72B8191D2C4732ED00F22B35 /* DetailsController.swift */; };
		72B819202C47332400F22B35 /* BookmarkController.swift in Sources */ = {isa = PBXBuildFile; fileRef = 72B8191F2C47332400F22B35 /* BookmarkController.swift */; };
		72B819222C4736F600F22B35 /* ForumController.swift in Sources */ = {isa = PBXBuildFile; fileRef = 72B819212C4736F600F22B35 /* ForumController.swift */; };
		72B819242C47382000F22B35 /* MainTabbarController.swift in Sources */ = {isa = PBXBuildFile; fileRef = 72B819232C47382000F22B35 /* MainTabbarController.swift */; };
/* End PBXBuildFile section */

/* Begin PBXContainerItemProxy section */
		723036B12C334F2E004BC6A5 /* PBXContainerItemProxy */ = {
			isa = PBXContainerItemProxy;
			containerPortal = 723036922C334F2D004BC6A5 /* Project object */;
			proxyType = 1;
			remoteGlobalIDString = 723036992C334F2D004BC6A5;
			remoteInfo = AlgomaLibrary;
		};
		723036BB2C334F2E004BC6A5 /* PBXContainerItemProxy */ = {
			isa = PBXContainerItemProxy;
			containerPortal = 723036922C334F2D004BC6A5 /* Project object */;
			proxyType = 1;
			remoteGlobalIDString = 723036992C334F2D004BC6A5;
			remoteInfo = AlgomaLibrary;
		};
/* End PBXContainerItemProxy section */

/* Begin PBXFileReference section */
		7230369D2C334F2D004BC6A5 /* AppDelegate.swift */ = {isa = PBXFileReference; lastKnownFileType = sourcecode.swift; path = AppDelegate.swift; sourceTree = "<group>"; };
		7230369F2C334F2D004BC6A5 /* SceneDelegate.swift */ = {isa = PBXFileReference; lastKnownFileType = sourcecode.swift; path = SceneDelegate.swift; sourceTree = "<group>"; };
		723036A62C334F2E004BC6A5 /* Assets.xcassets */ = {isa = PBXFileReference; lastKnownFileType = folder.assetcatalog; path = Assets.xcassets; sourceTree = "<group>"; };
		723036A92C334F2E004BC6A5 /* Base */ = {isa = PBXFileReference; lastKnownFileType = file.storyboard; name = Base; path = Base.lproj/LaunchScreen.storyboard; sourceTree = "<group>"; };
		723036AB2C334F2E004BC6A5 /* Info.plist */ = {isa = PBXFileReference; lastKnownFileType = text.plist.xml; path = Info.plist; sourceTree = "<group>"; };
		723036B42C334F2E004BC6A5 /* AlgomaLibraryTests.swift */ = {isa = PBXFileReference; lastKnownFileType = sourcecode.swift; path = AlgomaLibraryTests.swift; sourceTree = "<group>"; };
		723036BE2C334F2E004BC6A5 /* AlgomaLibraryUITests.swift */ = {isa = PBXFileReference; lastKnownFileType = sourcecode.swift; path = AlgomaLibraryUITests.swift; sourceTree = "<group>"; };
		723036C02C334F2E004BC6A5 /* AlgomaLibraryUITestsLaunchTests.swift */ = {isa = PBXFileReference; lastKnownFileType = sourcecode.swift; path = AlgomaLibraryUITestsLaunchTests.swift; sourceTree = "<group>"; };
		723036D02C335250004BC6A5 /* GoogleService-Info.plist */ = {isa = PBXFileReference; fileEncoding = 4; lastKnownFileType = text.plist.xml; path = "GoogleService-Info.plist"; sourceTree = "<group>"; };
		7230370D2C3361EA004BC6A5 /* AuthService.swift */ = {isa = PBXFileReference; lastKnownFileType = sourcecode.swift; path = AuthService.swift; sourceTree = "<group>"; };
		723037102C3363D5004BC6A5 /* RegisterUserRequest.swift */ = {isa = PBXFileReference; lastKnownFileType = sourcecode.swift; path = RegisterUserRequest.swift; sourceTree = "<group>"; };
		723037132C336E0E004BC6A5 /* ForgotPasswordController.swift */ = {isa = PBXFileReference; lastKnownFileType = sourcecode.swift; path = ForgotPasswordController.swift; sourceTree = "<group>"; };
		723037152C336E2A004BC6A5 /* LoginController.swift */ = {isa = PBXFileReference; lastKnownFileType = sourcecode.swift; path = LoginController.swift; sourceTree = "<group>"; };
		723037172C336E47004BC6A5 /* RegisterController.swift */ = {isa = PBXFileReference; lastKnownFileType = sourcecode.swift; path = RegisterController.swift; sourceTree = "<group>"; };
		723037192C336E5C004BC6A5 /* HomeController.swift */ = {isa = PBXFileReference; lastKnownFileType = sourcecode.swift; path = HomeController.swift; sourceTree = "<group>"; };
		723037492C35EAF8004BC6A5 /* AuthHeaderView.swift */ = {isa = PBXFileReference; lastKnownFileType = sourcecode.swift; path = AuthHeaderView.swift; sourceTree = "<group>"; };
		7232B0EA2C4A104000E073D9 /* AlgomaLibrary.app */ = {isa = PBXFileReference; explicitFileType = wrapper.application; includeInIndex = 0; path = AlgomaLibrary.app; sourceTree = BUILT_PRODUCTS_DIR; };
		7232B0EB2C4A1D9E00E073D9 /* PrivacyPolicyViewController.swift */ = {isa = PBXFileReference; lastKnownFileType = sourcecode.swift; path = PrivacyPolicyViewController.swift; sourceTree = "<group>"; };
		7232B1262C4B901900E073D9 /* LoginUserRequest.swift */ = {isa = PBXFileReference; lastKnownFileType = sourcecode.swift; path = LoginUserRequest.swift; sourceTree = "<group>"; };
		7232B1282C4BA0B700E073D9 /* Validator.swift */ = {isa = PBXFileReference; lastKnownFileType = sourcecode.swift; path = Validator.swift; sourceTree = "<group>"; };
		7234064D2C4CC5CB00E8EC91 /* AlgomaLibraryTests.xctest */ = {isa = PBXFileReference; explicitFileType = wrapper.cfbundle; includeInIndex = 0; path = AlgomaLibraryTests.xctest; sourceTree = BUILT_PRODUCTS_DIR; };
		7234064E2C4CC5CB00E8EC91 /* AlgomaLibraryUITests.xctest */ = {isa = PBXFileReference; explicitFileType = wrapper.cfbundle; includeInIndex = 0; path = AlgomaLibraryUITests.xctest; sourceTree = BUILT_PRODUCTS_DIR; };
		7275C37A2C476E7100C151CF /* CategoryDetailViewController.swift */ = {isa = PBXFileReference; lastKnownFileType = sourcecode.swift; path = CategoryDetailViewController.swift; sourceTree = "<group>"; };
		7275C37C2C482B1400C151CF /* EditProfileController.swift */ = {isa = PBXFileReference; lastKnownFileType = sourcecode.swift; path = EditProfileController.swift; sourceTree = "<group>"; };
		7275C37E2C4846A100C151CF /* ProfileImageSelectionViewController.swift */ = {isa = PBXFileReference; lastKnownFileType = sourcecode.swift; path = ProfileImageSelectionViewController.swift; sourceTree = "<group>"; };
		7275C3802C484D1000C151CF /* HalfSizePresentationController.swift */ = {isa = PBXFileReference; lastKnownFileType = sourcecode.swift; path = HalfSizePresentationController.swift; sourceTree = "<group>"; };
		7275C3822C4887E300C151CF /* ChangePasswordViewController.swift */ = {isa = PBXFileReference; lastKnownFileType = sourcecode.swift; path = ChangePasswordViewController.swift; sourceTree = "<group>"; };
		7275C3842C488D8800C151CF /* FriendsViewController.swift */ = {isa = PBXFileReference; lastKnownFileType = sourcecode.swift; path = FriendsViewController.swift; sourceTree = "<group>"; };
		7275C3862C488F0100C151CF /* LoanedBooksController.swift */ = {isa = PBXFileReference; lastKnownFileType = sourcecode.swift; path = LoanedBooksController.swift; sourceTree = "<group>"; };
		72B819102C4594A700F22B35 /* CustomTextField.swift */ = {isa = PBXFileReference; lastKnownFileType = sourcecode.swift; path = CustomTextField.swift; sourceTree = "<group>"; };
		72B819122C45A36600F22B35 /* CustomButton.swift */ = {isa = PBXFileReference; lastKnownFileType = sourcecode.swift; path = CustomButton.swift; sourceTree = "<group>"; };
		72B819142C45C77100F22B35 /* WebViewController.swift */ = {isa = PBXFileReference; lastKnownFileType = sourcecode.swift; path = WebViewController.swift; sourceTree = "<group>"; };
		72B819172C46A6E800F22B35 /* ProfileController.swift */ = {isa = PBXFileReference; lastKnownFileType = sourcecode.swift; path = ProfileController.swift; sourceTree = "<group>"; };
		72B819192C46E47600F22B35 /* AlertManager.swift */ = {isa = PBXFileReference; lastKnownFileType = sourcecode.swift; path = AlertManager.swift; sourceTree = "<group>"; };
		72B8191B2C4732D300F22B35 /* BooksController.swift */ = {isa = PBXFileReference; lastKnownFileType = sourcecode.swift; path = BooksController.swift; sourceTree = "<group>"; };
		72B8191D2C4732ED00F22B35 /* DetailsController.swift */ = {isa = PBXFileReference; lastKnownFileType = sourcecode.swift; path = DetailsController.swift; sourceTree = "<group>"; };
		72B8191F2C47332400F22B35 /* BookmarkController.swift */ = {isa = PBXFileReference; lastKnownFileType = sourcecode.swift; path = BookmarkController.swift; sourceTree = "<group>"; };
		72B819212C4736F600F22B35 /* ForumController.swift */ = {isa = PBXFileReference; lastKnownFileType = sourcecode.swift; path = ForumController.swift; sourceTree = "<group>"; };
		72B819232C47382000F22B35 /* MainTabbarController.swift */ = {isa = PBXFileReference; lastKnownFileType = sourcecode.swift; path = MainTabbarController.swift; sourceTree = "<group>"; };
/* End PBXFileReference section */

/* Begin PBXFrameworksBuildPhase section */
		723036972C334F2D004BC6A5 /* Frameworks */ = {
			isa = PBXFrameworksBuildPhase;
			buildActionMask = 2147483647;
			files = (
				7232B1012C4B350600E073D9 /* FirebaseDatabase in Frameworks */,
				7232B10F2C4B350600E073D9 /* FirebaseFunctionsCombine-Community in Frameworks */,
				7232B1072C4B350600E073D9 /* FirebaseFirestore in Frameworks */,
				7232B0F32C4B350600E073D9 /* FirebaseAnalyticsSwift in Frameworks */,
				7232B0EF2C4B350600E073D9 /* FirebaseAnalytics in Frameworks */,
				7232B0F12C4B350600E073D9 /* FirebaseAnalyticsOnDeviceConversion in Frameworks */,
				7232B1172C4B350600E073D9 /* FirebaseMLModelDownloader in Frameworks */,
				7232B10B2C4B350600E073D9 /* FirebaseFirestoreSwift in Frameworks */,
				7232B0F72C4B350600E073D9 /* FirebaseAppCheck in Frameworks */,
				7232B0F52C4B350600E073D9 /* FirebaseAnalyticsWithoutAdIdSupport in Frameworks */,
				7232B0FB2C4B350600E073D9 /* FirebaseAuth in Frameworks */,
				7232B0FF2C4B350600E073D9 /* FirebaseCrashlytics in Frameworks */,
				7232B11F2C4B350600E073D9 /* FirebaseRemoteConfigSwift in Frameworks */,
				7232B1112C4B350600E073D9 /* FirebaseInAppMessaging-Beta in Frameworks */,
				7232B1032C4B350600E073D9 /* FirebaseDatabaseSwift in Frameworks */,
				7232B10D2C4B350600E073D9 /* FirebaseFunctions in Frameworks */,
				7232B1232C4B350600E073D9 /* FirebaseStorageCombine-Community in Frameworks */,
				7232B11D2C4B350600E073D9 /* FirebaseRemoteConfig in Frameworks */,
				7232B0F92C4B350600E073D9 /* FirebaseAppDistribution-Beta in Frameworks */,
				7232B0FD2C4B350600E073D9 /* FirebaseAuthCombine-Community in Frameworks */,
				7232B11B2C4B350600E073D9 /* FirebasePerformance in Frameworks */,
				7232B1132C4B350600E073D9 /* FirebaseInAppMessagingSwift-Beta in Frameworks */,
				7232B1212C4B350600E073D9 /* FirebaseStorage in Frameworks */,
				7232B1052C4B350600E073D9 /* FirebaseDynamicLinks in Frameworks */,
				7232B1252C4B350600E073D9 /* FirebaseVertexAI-Preview in Frameworks */,
				7232B1092C4B350600E073D9 /* FirebaseFirestoreCombine-Community in Frameworks */,
				7232B1192C4B350600E073D9 /* FirebaseMessaging in Frameworks */,
				7232B1152C4B350600E073D9 /* FirebaseInstallations in Frameworks */,
			);
			runOnlyForDeploymentPostprocessing = 0;
		};
		723036AD2C334F2E004BC6A5 /* Frameworks */ = {
			isa = PBXFrameworksBuildPhase;
			buildActionMask = 2147483647;
			files = (
			);
			runOnlyForDeploymentPostprocessing = 0;
		};
		723036B72C334F2E004BC6A5 /* Frameworks */ = {
			isa = PBXFrameworksBuildPhase;
			buildActionMask = 2147483647;
			files = (
			);
			runOnlyForDeploymentPostprocessing = 0;
		};
/* End PBXFrameworksBuildPhase section */

/* Begin PBXGroup section */
		723036912C334F2D004BC6A5 = {
			isa = PBXGroup;
			children = (
				7230369C2C334F2D004BC6A5 /* AlgomaLibrary */,
				723036B32C334F2E004BC6A5 /* AlgomaLibraryTests */,
				723036BD2C334F2E004BC6A5 /* AlgomaLibraryUITests */,
				7232B0EA2C4A104000E073D9 /* AlgomaLibrary.app */,
				7234064D2C4CC5CB00E8EC91 /* AlgomaLibraryTests.xctest */,
				7234064E2C4CC5CB00E8EC91 /* AlgomaLibraryUITests.xctest */,
			);
			sourceTree = "<group>";
		};
		7230369C2C334F2D004BC6A5 /* AlgomaLibrary */ = {
			isa = PBXGroup;
			children = (
				72B819162C463E8000F22B35 /* Controllers */,
				723037482C35EADE004BC6A5 /* Views */,
				7230370D2C3361EA004BC6A5 /* AuthService.swift */,
				723037122C336D93004BC6A5 /* core */,
				7230370F2C3363A5004BC6A5 /* Models */,
				723036D02C335250004BC6A5 /* GoogleService-Info.plist */,
				723036AB2C334F2E004BC6A5 /* Info.plist */,
				72B819142C45C77100F22B35 /* WebViewController.swift */,
				72B819192C46E47600F22B35 /* AlertManager.swift */,
				72B819232C47382000F22B35 /* MainTabbarController.swift */,
				7232B1282C4BA0B700E073D9 /* Validator.swift */,
			);
			path = AlgomaLibrary;
			sourceTree = "<group>";
		};
		723036B32C334F2E004BC6A5 /* AlgomaLibraryTests */ = {
			isa = PBXGroup;
			children = (
				723036B42C334F2E004BC6A5 /* AlgomaLibraryTests.swift */,
			);
			path = AlgomaLibraryTests;
			sourceTree = "<group>";
		};
		723036BD2C334F2E004BC6A5 /* AlgomaLibraryUITests */ = {
			isa = PBXGroup;
			children = (
				723036BE2C334F2E004BC6A5 /* AlgomaLibraryUITests.swift */,
				723036C02C334F2E004BC6A5 /* AlgomaLibraryUITestsLaunchTests.swift */,
			);
			path = AlgomaLibraryUITests;
			sourceTree = "<group>";
		};
		7230370F2C3363A5004BC6A5 /* Models */ = {
			isa = PBXGroup;
			children = (
				723037102C3363D5004BC6A5 /* RegisterUserRequest.swift */,
				7232B1262C4B901900E073D9 /* LoginUserRequest.swift */,
			);
			path = Models;
			sourceTree = "<group>";
		};
		723037122C336D93004BC6A5 /* core */ = {
			isa = PBXGroup;
			children = (
				7230369F2C334F2D004BC6A5 /* SceneDelegate.swift */,
				7230369D2C334F2D004BC6A5 /* AppDelegate.swift */,
				723036A82C334F2E004BC6A5 /* LaunchScreen.storyboard */,
				723036A62C334F2E004BC6A5 /* Assets.xcassets */,
			);
			path = core;
			sourceTree = "<group>";
		};
		723037482C35EADE004BC6A5 /* Views */ = {
			isa = PBXGroup;
			children = (
				723037492C35EAF8004BC6A5 /* AuthHeaderView.swift */,
				72B819102C4594A700F22B35 /* CustomTextField.swift */,
				72B819122C45A36600F22B35 /* CustomButton.swift */,
				7275C3802C484D1000C151CF /* HalfSizePresentationController.swift */,
			);
			path = Views;
			sourceTree = "<group>";
		};
		72B819162C463E8000F22B35 /* Controllers */ = {
			isa = PBXGroup;
			children = (
				723037132C336E0E004BC6A5 /* ForgotPasswordController.swift */,
				723037152C336E2A004BC6A5 /* LoginController.swift */,
				723037172C336E47004BC6A5 /* RegisterController.swift */,
				723037192C336E5C004BC6A5 /* HomeController.swift */,
				72B819172C46A6E800F22B35 /* ProfileController.swift */,
				72B8191B2C4732D300F22B35 /* BooksController.swift */,
				72B8191D2C4732ED00F22B35 /* DetailsController.swift */,
				72B8191F2C47332400F22B35 /* BookmarkController.swift */,
				72B819212C4736F600F22B35 /* ForumController.swift */,
				7275C37A2C476E7100C151CF /* CategoryDetailViewController.swift */,
				7275C37C2C482B1400C151CF /* EditProfileController.swift */,
				7275C37E2C4846A100C151CF /* ProfileImageSelectionViewController.swift */,
				7275C3822C4887E300C151CF /* ChangePasswordViewController.swift */,
				7275C3842C488D8800C151CF /* FriendsViewController.swift */,
				7275C3862C488F0100C151CF /* LoanedBooksController.swift */,
				7232B0EB2C4A1D9E00E073D9 /* PrivacyPolicyViewController.swift */,
			);
			path = Controllers;
			sourceTree = "<group>";
		};
/* End PBXGroup section */

/* Begin PBXNativeTarget section */
		723036992C334F2D004BC6A5 /* AlgomaLibrary */ = {
			isa = PBXNativeTarget;
			buildConfigurationList = 723036C42C334F2E004BC6A5 /* Build configuration list for PBXNativeTarget "AlgomaLibrary" */;
			buildPhases = (
				723036962C334F2D004BC6A5 /* Sources */,
				723036972C334F2D004BC6A5 /* Frameworks */,
				723036982C334F2D004BC6A5 /* Resources */,
			);
			buildRules = (
			);
			dependencies = (
			);
			name = AlgomaLibrary;
			packageProductDependencies = (
				7232B0EE2C4B350600E073D9 /* FirebaseAnalytics */,
				7232B0F02C4B350600E073D9 /* FirebaseAnalyticsOnDeviceConversion */,
				7232B0F22C4B350600E073D9 /* FirebaseAnalyticsSwift */,
				7232B0F42C4B350600E073D9 /* FirebaseAnalyticsWithoutAdIdSupport */,
				7232B0F62C4B350600E073D9 /* FirebaseAppCheck */,
				7232B0F82C4B350600E073D9 /* FirebaseAppDistribution-Beta */,
				7232B0FA2C4B350600E073D9 /* FirebaseAuth */,
				7232B0FC2C4B350600E073D9 /* FirebaseAuthCombine-Community */,
				7232B0FE2C4B350600E073D9 /* FirebaseCrashlytics */,
				7232B1002C4B350600E073D9 /* FirebaseDatabase */,
				7232B1022C4B350600E073D9 /* FirebaseDatabaseSwift */,
				7232B1042C4B350600E073D9 /* FirebaseDynamicLinks */,
				7232B1062C4B350600E073D9 /* FirebaseFirestore */,
				7232B1082C4B350600E073D9 /* FirebaseFirestoreCombine-Community */,
				7232B10A2C4B350600E073D9 /* FirebaseFirestoreSwift */,
				7232B10C2C4B350600E073D9 /* FirebaseFunctions */,
				7232B10E2C4B350600E073D9 /* FirebaseFunctionsCombine-Community */,
				7232B1102C4B350600E073D9 /* FirebaseInAppMessaging-Beta */,
				7232B1122C4B350600E073D9 /* FirebaseInAppMessagingSwift-Beta */,
				7232B1142C4B350600E073D9 /* FirebaseInstallations */,
				7232B1162C4B350600E073D9 /* FirebaseMLModelDownloader */,
				7232B1182C4B350600E073D9 /* FirebaseMessaging */,
				7232B11A2C4B350600E073D9 /* FirebasePerformance */,
				7232B11C2C4B350600E073D9 /* FirebaseRemoteConfig */,
				7232B11E2C4B350600E073D9 /* FirebaseRemoteConfigSwift */,
				7232B1202C4B350600E073D9 /* FirebaseStorage */,
				7232B1222C4B350600E073D9 /* FirebaseStorageCombine-Community */,
				7232B1242C4B350600E073D9 /* FirebaseVertexAI-Preview */,
			);
			productName = AlgomaLibrary;
			productReference = 7232B0EA2C4A104000E073D9 /* AlgomaLibrary.app */;
			productType = "com.apple.product-type.application";
		};
		723036AF2C334F2E004BC6A5 /* AlgomaLibraryTests */ = {
			isa = PBXNativeTarget;
			buildConfigurationList = 723036C72C334F2E004BC6A5 /* Build configuration list for PBXNativeTarget "AlgomaLibraryTests" */;
			buildPhases = (
				723036AC2C334F2E004BC6A5 /* Sources */,
				723036AD2C334F2E004BC6A5 /* Frameworks */,
				723036AE2C334F2E004BC6A5 /* Resources */,
			);
			buildRules = (
			);
			dependencies = (
				723036B22C334F2E004BC6A5 /* PBXTargetDependency */,
			);
			name = AlgomaLibraryTests;
			productName = AlgomaLibraryTests;
			productReference = 7234064D2C4CC5CB00E8EC91 /* AlgomaLibraryTests.xctest */;
			productType = "com.apple.product-type.bundle.unit-test";
		};
		723036B92C334F2E004BC6A5 /* AlgomaLibraryUITests */ = {
			isa = PBXNativeTarget;
			buildConfigurationList = 723036CA2C334F2E004BC6A5 /* Build configuration list for PBXNativeTarget "AlgomaLibraryUITests" */;
			buildPhases = (
				723036B62C334F2E004BC6A5 /* Sources */,
				723036B72C334F2E004BC6A5 /* Frameworks */,
				723036B82C334F2E004BC6A5 /* Resources */,
			);
			buildRules = (
			);
			dependencies = (
				723036BC2C334F2E004BC6A5 /* PBXTargetDependency */,
			);
			name = AlgomaLibraryUITests;
			productName = AlgomaLibraryUITests;
			productReference = 7234064E2C4CC5CB00E8EC91 /* AlgomaLibraryUITests.xctest */;
			productType = "com.apple.product-type.bundle.ui-testing";
		};
/* End PBXNativeTarget section */

/* Begin PBXProject section */
		723036922C334F2D004BC6A5 /* Project object */ = {
			isa = PBXProject;
			attributes = {
				BuildIndependentTargetsInParallel = 1;
				LastSwiftUpdateCheck = 1540;
				LastUpgradeCheck = 1540;
				TargetAttributes = {
					723036992C334F2D004BC6A5 = {
						CreatedOnToolsVersion = 15.4;
					};
					723036AF2C334F2E004BC6A5 = {
						CreatedOnToolsVersion = 15.4;
						TestTargetID = 723036992C334F2D004BC6A5;
					};
					723036B92C334F2E004BC6A5 = {
						CreatedOnToolsVersion = 15.4;
						TestTargetID = 723036992C334F2D004BC6A5;
					};
				};
			};
			buildConfigurationList = 723036952C334F2D004BC6A5 /* Build configuration list for PBXProject "AlgomaLibrary" */;
			compatibilityVersion = "Xcode 14.0";
			developmentRegion = en;
			hasScannedForEncodings = 0;
			knownRegions = (
				en,
				Base,
			);
			mainGroup = 723036912C334F2D004BC6A5;
			packageReferences = (
				7232B0ED2C4B350500E073D9 /* XCRemoteSwiftPackageReference "firebase-ios-sdk" */,
			);
			productRefGroup = 723036912C334F2D004BC6A5;
			projectDirPath = "";
			projectRoot = "";
			targets = (
				723036992C334F2D004BC6A5 /* AlgomaLibrary */,
				723036AF2C334F2E004BC6A5 /* AlgomaLibraryTests */,
				723036B92C334F2E004BC6A5 /* AlgomaLibraryUITests */,
			);
		};
/* End PBXProject section */

/* Begin PBXResourcesBuildPhase section */
		723036982C334F2D004BC6A5 /* Resources */ = {
			isa = PBXResourcesBuildPhase;
			buildActionMask = 2147483647;
			files = (
				723036A72C334F2E004BC6A5 /* Assets.xcassets in Resources */,
				723036D12C335250004BC6A5 /* GoogleService-Info.plist in Resources */,
				723036AA2C334F2E004BC6A5 /* Base in Resources */,
			);
			runOnlyForDeploymentPostprocessing = 0;
		};
		723036AE2C334F2E004BC6A5 /* Resources */ = {
			isa = PBXResourcesBuildPhase;
			buildActionMask = 2147483647;
			files = (
			);
			runOnlyForDeploymentPostprocessing = 0;
		};
		723036B82C334F2E004BC6A5 /* Resources */ = {
			isa = PBXResourcesBuildPhase;
			buildActionMask = 2147483647;
			files = (
			);
			runOnlyForDeploymentPostprocessing = 0;
		};
/* End PBXResourcesBuildPhase section */

/* Begin PBXSourcesBuildPhase section */
		723036962C334F2D004BC6A5 /* Sources */ = {
			isa = PBXSourcesBuildPhase;
			buildActionMask = 2147483647;
			files = (
				723037142C336E0E004BC6A5 /* ForgotPasswordController.swift in Sources */,
				7275C3872C488F0100C151CF /* LoanedBooksController.swift in Sources */,
				72B819242C47382000F22B35 /* MainTabbarController.swift in Sources */,
				7275C37D2C482B1400C151CF /* EditProfileController.swift in Sources */,
				7230369E2C334F2D004BC6A5 /* AppDelegate.swift in Sources */,
				723036A02C334F2D004BC6A5 /* SceneDelegate.swift in Sources */,
				72B819222C4736F600F22B35 /* ForumController.swift in Sources */,
				723037182C336E47004BC6A5 /* RegisterController.swift in Sources */,
				72B819112C4594A700F22B35 /* CustomTextField.swift in Sources */,
				72B819182C46A6E800F22B35 /* ProfileController.swift in Sources */,
				7275C3832C4887E300C151CF /* ChangePasswordViewController.swift in Sources */,
				72B8191C2C4732D300F22B35 /* BooksController.swift in Sources */,
				7275C3852C488D8800C151CF /* FriendsViewController.swift in Sources */,
				7232B1292C4BA0B700E073D9 /* Validator.swift in Sources */,
				7275C37B2C476E7100C151CF /* CategoryDetailViewController.swift in Sources */,
				7275C37F2C4846A100C151CF /* ProfileImageSelectionViewController.swift in Sources */,
				7232B0EC2C4A1D9E00E073D9 /* PrivacyPolicyViewController.swift in Sources */,
				7230374A2C35EAF8004BC6A5 /* AuthHeaderView.swift in Sources */,
				7230371A2C336E5C004BC6A5 /* HomeController.swift in Sources */,
				7232B1272C4B901900E073D9 /* LoginUserRequest.swift in Sources */,
				72B819152C45C77100F22B35 /* WebViewController.swift in Sources */,
				72B819132C45A36600F22B35 /* CustomButton.swift in Sources */,
				723037112C3363D5004BC6A5 /* RegisterUserRequest.swift in Sources */,
				72B8191E2C4732ED00F22B35 /* DetailsController.swift in Sources */,
				7230370E2C3361EA004BC6A5 /* AuthService.swift in Sources */,
				7275C3812C484D1000C151CF /* HalfSizePresentationController.swift in Sources */,
				72B8191A2C46E47600F22B35 /* AlertManager.swift in Sources */,
				72B819202C47332400F22B35 /* BookmarkController.swift in Sources */,
				723037162C336E2A004BC6A5 /* LoginController.swift in Sources */,
			);
			runOnlyForDeploymentPostprocessing = 0;
		};
		723036AC2C334F2E004BC6A5 /* Sources */ = {
			isa = PBXSourcesBuildPhase;
			buildActionMask = 2147483647;
			files = (
				723036B52C334F2E004BC6A5 /* AlgomaLibraryTests.swift in Sources */,
			);
			runOnlyForDeploymentPostprocessing = 0;
		};
		723036B62C334F2E004BC6A5 /* Sources */ = {
			isa = PBXSourcesBuildPhase;
			buildActionMask = 2147483647;
			files = (
				723036BF2C334F2E004BC6A5 /* AlgomaLibraryUITests.swift in Sources */,
				723036C12C334F2E004BC6A5 /* AlgomaLibraryUITestsLaunchTests.swift in Sources */,
			);
			runOnlyForDeploymentPostprocessing = 0;
		};
/* End PBXSourcesBuildPhase section */

/* Begin PBXTargetDependency section */
		723036B22C334F2E004BC6A5 /* PBXTargetDependency */ = {
			isa = PBXTargetDependency;
			target = 723036992C334F2D004BC6A5 /* AlgomaLibrary */;
			targetProxy = 723036B12C334F2E004BC6A5 /* PBXContainerItemProxy */;
		};
		723036BC2C334F2E004BC6A5 /* PBXTargetDependency */ = {
			isa = PBXTargetDependency;
			target = 723036992C334F2D004BC6A5 /* AlgomaLibrary */;
			targetProxy = 723036BB2C334F2E004BC6A5 /* PBXContainerItemProxy */;
		};
/* End PBXTargetDependency section */

/* Begin PBXVariantGroup section */
		723036A82C334F2E004BC6A5 /* LaunchScreen.storyboard */ = {
			isa = PBXVariantGroup;
			children = (
				723036A92C334F2E004BC6A5 /* Base */,
			);
			name = LaunchScreen.storyboard;
			sourceTree = "<group>";
		};
/* End PBXVariantGroup section */

/* Begin XCBuildConfiguration section */
		723036C22C334F2E004BC6A5 /* Debug */ = {
			isa = XCBuildConfiguration;
			buildSettings = {
				ALWAYS_SEARCH_USER_PATHS = NO;
				ASSETCATALOG_COMPILER_GENERATE_SWIFT_ASSET_SYMBOL_EXTENSIONS = YES;
				CLANG_ANALYZER_NONNULL = YES;
				CLANG_ANALYZER_NUMBER_OBJECT_CONVERSION = YES_AGGRESSIVE;
				CLANG_CXX_LANGUAGE_STANDARD = "gnu++20";
				CLANG_ENABLE_MODULES = YES;
				CLANG_ENABLE_OBJC_ARC = YES;
				CLANG_ENABLE_OBJC_WEAK = YES;
				CLANG_WARN_BLOCK_CAPTURE_AUTORELEASING = YES;
				CLANG_WARN_BOOL_CONVERSION = YES;
				CLANG_WARN_COMMA = YES;
				CLANG_WARN_CONSTANT_CONVERSION = YES;
				CLANG_WARN_DEPRECATED_OBJC_IMPLEMENTATIONS = YES;
				CLANG_WARN_DIRECT_OBJC_ISA_USAGE = YES_ERROR;
				CLANG_WARN_DOCUMENTATION_COMMENTS = YES;
				CLANG_WARN_EMPTY_BODY = YES;
				CLANG_WARN_ENUM_CONVERSION = YES;
				CLANG_WARN_INFINITE_RECURSION = YES;
				CLANG_WARN_INT_CONVERSION = YES;
				CLANG_WARN_NON_LITERAL_NULL_CONVERSION = YES;
				CLANG_WARN_OBJC_IMPLICIT_RETAIN_SELF = YES;
				CLANG_WARN_OBJC_LITERAL_CONVERSION = YES;
				CLANG_WARN_OBJC_ROOT_CLASS = YES_ERROR;
				CLANG_WARN_QUOTED_INCLUDE_IN_FRAMEWORK_HEADER = YES;
				CLANG_WARN_RANGE_LOOP_ANALYSIS = YES;
				CLANG_WARN_STRICT_PROTOTYPES = YES;
				CLANG_WARN_SUSPICIOUS_MOVE = YES;
				CLANG_WARN_UNGUARDED_AVAILABILITY = YES_AGGRESSIVE;
				CLANG_WARN_UNREACHABLE_CODE = YES;
				CLANG_WARN__DUPLICATE_METHOD_MATCH = YES;
				COPY_PHASE_STRIP = NO;
				DEBUG_INFORMATION_FORMAT = dwarf;
				ENABLE_STRICT_OBJC_MSGSEND = YES;
				ENABLE_TESTABILITY = YES;
				ENABLE_USER_SCRIPT_SANDBOXING = YES;
				GCC_C_LANGUAGE_STANDARD = gnu17;
				GCC_DYNAMIC_NO_PIC = NO;
				GCC_NO_COMMON_BLOCKS = YES;
				GCC_OPTIMIZATION_LEVEL = 0;
				GCC_PREPROCESSOR_DEFINITIONS = (
					"DEBUG=1",
					"$(inherited)",
				);
				GCC_WARN_64_TO_32_BIT_CONVERSION = YES;
				GCC_WARN_ABOUT_RETURN_TYPE = YES_ERROR;
				GCC_WARN_UNDECLARED_SELECTOR = YES;
				GCC_WARN_UNINITIALIZED_AUTOS = YES_AGGRESSIVE;
				GCC_WARN_UNUSED_FUNCTION = YES;
				GCC_WARN_UNUSED_VARIABLE = YES;
				IPHONEOS_DEPLOYMENT_TARGET = 17.5;
				LOCALIZATION_PREFERS_STRING_CATALOGS = YES;
				MTL_ENABLE_DEBUG_INFO = INCLUDE_SOURCE;
				MTL_FAST_MATH = YES;
				ONLY_ACTIVE_ARCH = YES;
				SDKROOT = iphoneos;
				SWIFT_ACTIVE_COMPILATION_CONDITIONS = "DEBUG $(inherited)";
				SWIFT_OPTIMIZATION_LEVEL = "-Onone";
			};
			name = Debug;
		};
		723036C32C334F2E004BC6A5 /* Release */ = {
			isa = XCBuildConfiguration;
			buildSettings = {
				ALWAYS_SEARCH_USER_PATHS = NO;
				ASSETCATALOG_COMPILER_GENERATE_SWIFT_ASSET_SYMBOL_EXTENSIONS = YES;
				CLANG_ANALYZER_NONNULL = YES;
				CLANG_ANALYZER_NUMBER_OBJECT_CONVERSION = YES_AGGRESSIVE;
				CLANG_CXX_LANGUAGE_STANDARD = "gnu++20";
				CLANG_ENABLE_MODULES = YES;
				CLANG_ENABLE_OBJC_ARC = YES;
				CLANG_ENABLE_OBJC_WEAK = YES;
				CLANG_WARN_BLOCK_CAPTURE_AUTORELEASING = YES;
				CLANG_WARN_BOOL_CONVERSION = YES;
				CLANG_WARN_COMMA = YES;
				CLANG_WARN_CONSTANT_CONVERSION = YES;
				CLANG_WARN_DEPRECATED_OBJC_IMPLEMENTATIONS = YES;
				CLANG_WARN_DIRECT_OBJC_ISA_USAGE = YES_ERROR;
				CLANG_WARN_DOCUMENTATION_COMMENTS = YES;
				CLANG_WARN_EMPTY_BODY = YES;
				CLANG_WARN_ENUM_CONVERSION = YES;
				CLANG_WARN_INFINITE_RECURSION = YES;
				CLANG_WARN_INT_CONVERSION = YES;
				CLANG_WARN_NON_LITERAL_NULL_CONVERSION = YES;
				CLANG_WARN_OBJC_IMPLICIT_RETAIN_SELF = YES;
				CLANG_WARN_OBJC_LITERAL_CONVERSION = YES;
				CLANG_WARN_OBJC_ROOT_CLASS = YES_ERROR;
				CLANG_WARN_QUOTED_INCLUDE_IN_FRAMEWORK_HEADER = YES;
				CLANG_WARN_RANGE_LOOP_ANALYSIS = YES;
				CLANG_WARN_STRICT_PROTOTYPES = YES;
				CLANG_WARN_SUSPICIOUS_MOVE = YES;
				CLANG_WARN_UNGUARDED_AVAILABILITY = YES_AGGRESSIVE;
				CLANG_WARN_UNREACHABLE_CODE = YES;
				CLANG_WARN__DUPLICATE_METHOD_MATCH = YES;
				COPY_PHASE_STRIP = NO;
				DEBUG_INFORMATION_FORMAT = "dwarf-with-dsym";
				ENABLE_NS_ASSERTIONS = NO;
				ENABLE_STRICT_OBJC_MSGSEND = YES;
				ENABLE_USER_SCRIPT_SANDBOXING = YES;
				GCC_C_LANGUAGE_STANDARD = gnu17;
				GCC_NO_COMMON_BLOCKS = YES;
				GCC_WARN_64_TO_32_BIT_CONVERSION = YES;
				GCC_WARN_ABOUT_RETURN_TYPE = YES_ERROR;
				GCC_WARN_UNDECLARED_SELECTOR = YES;
				GCC_WARN_UNINITIALIZED_AUTOS = YES_AGGRESSIVE;
				GCC_WARN_UNUSED_FUNCTION = YES;
				GCC_WARN_UNUSED_VARIABLE = YES;
				IPHONEOS_DEPLOYMENT_TARGET = 17.5;
				LOCALIZATION_PREFERS_STRING_CATALOGS = YES;
				MTL_ENABLE_DEBUG_INFO = NO;
				MTL_FAST_MATH = YES;
				SDKROOT = iphoneos;
				SWIFT_COMPILATION_MODE = wholemodule;
				VALIDATE_PRODUCT = YES;
			};
			name = Release;
		};
		723036C52C334F2E004BC6A5 /* Debug */ = {
			isa = XCBuildConfiguration;
			buildSettings = {
				ASSETCATALOG_COMPILER_APPICON_NAME = AppIcon;
				ASSETCATALOG_COMPILER_GLOBAL_ACCENT_COLOR_NAME = AccentColor;
				CODE_SIGN_STYLE = Automatic;
				CURRENT_PROJECT_VERSION = 1;
				GENERATE_INFOPLIST_FILE = YES;
				INFOPLIST_FILE = AlgomaLibrary/Info.plist;
				INFOPLIST_KEY_CFBundleDisplayName = "Algoma Library";
				INFOPLIST_KEY_LSApplicationCategoryType = "public.app-category.education";
				INFOPLIST_KEY_UIApplicationSupportsIndirectInputEvents = YES;
				INFOPLIST_KEY_UILaunchStoryboardName = LaunchScreen;
				INFOPLIST_KEY_UISupportedInterfaceOrientations = UIInterfaceOrientationPortrait;
				INFOPLIST_KEY_UISupportedInterfaceOrientations_iPad = "UIInterfaceOrientationPortrait UIInterfaceOrientationPortraitUpsideDown";
				IPHONEOS_DEPLOYMENT_TARGET = 17.2;
				LD_RUNPATH_SEARCH_PATHS = (
					"$(inherited)",
					"@executable_path/Frameworks",
				);
				MARKETING_VERSION = 1.0;
				PRODUCT_BUNDLE_IDENTIFIER = ca.algomau.cosc4596.fadebo.AlgomaLibrary;
				PRODUCT_NAME = "$(TARGET_NAME)";
				SWIFT_EMIT_LOC_STRINGS = YES;
				SWIFT_VERSION = 5.0;
				TARGETED_DEVICE_FAMILY = "1,2";
			};
			name = Debug;
		};
		723036C62C334F2E004BC6A5 /* Release */ = {
			isa = XCBuildConfiguration;
			buildSettings = {
				ASSETCATALOG_COMPILER_APPICON_NAME = AppIcon;
				ASSETCATALOG_COMPILER_GLOBAL_ACCENT_COLOR_NAME = AccentColor;
				CODE_SIGN_STYLE = Automatic;
				CURRENT_PROJECT_VERSION = 1;
				GENERATE_INFOPLIST_FILE = YES;
				INFOPLIST_FILE = AlgomaLibrary/Info.plist;
				INFOPLIST_KEY_CFBundleDisplayName = "Algoma Library";
				INFOPLIST_KEY_LSApplicationCategoryType = "public.app-category.education";
				INFOPLIST_KEY_UIApplicationSupportsIndirectInputEvents = YES;
				INFOPLIST_KEY_UILaunchStoryboardName = LaunchScreen;
				INFOPLIST_KEY_UISupportedInterfaceOrientations = UIInterfaceOrientationPortrait;
				INFOPLIST_KEY_UISupportedInterfaceOrientations_iPad = "UIInterfaceOrientationPortrait UIInterfaceOrientationPortraitUpsideDown";
				IPHONEOS_DEPLOYMENT_TARGET = 17.2;
				LD_RUNPATH_SEARCH_PATHS = (
					"$(inherited)",
					"@executable_path/Frameworks",
				);
				MARKETING_VERSION = 1.0;
				PRODUCT_BUNDLE_IDENTIFIER = ca.algomau.cosc4596.fadebo.AlgomaLibrary;
				PRODUCT_NAME = "$(TARGET_NAME)";
				SWIFT_EMIT_LOC_STRINGS = YES;
				SWIFT_VERSION = 5.0;
				TARGETED_DEVICE_FAMILY = "1,2";
			};
			name = Release;
		};
		723036C82C334F2E004BC6A5 /* Debug */ = {
			isa = XCBuildConfiguration;
			buildSettings = {
				ALWAYS_EMBED_SWIFT_STANDARD_LIBRARIES = YES;
				BUNDLE_LOADER = "$(TEST_HOST)";
				CODE_SIGN_STYLE = Automatic;
				CURRENT_PROJECT_VERSION = 1;
				GENERATE_INFOPLIST_FILE = YES;
				IPHONEOS_DEPLOYMENT_TARGET = 17.5;
				MARKETING_VERSION = 1.0;
				PRODUCT_BUNDLE_IDENTIFIER = ca.algomau.cosc4596.fadebo.AlgomaLibraryTests;
				PRODUCT_NAME = "$(TARGET_NAME)";
				SWIFT_EMIT_LOC_STRINGS = NO;
				SWIFT_VERSION = 5.0;
				TARGETED_DEVICE_FAMILY = "1,2";
				TEST_HOST = "$(BUILT_PRODUCTS_DIR)/AlgomaLibrary.app/$(BUNDLE_EXECUTABLE_FOLDER_PATH)/AlgomaLibrary";
			};
			name = Debug;
		};
		723036C92C334F2E004BC6A5 /* Release */ = {
			isa = XCBuildConfiguration;
			buildSettings = {
				ALWAYS_EMBED_SWIFT_STANDARD_LIBRARIES = YES;
				BUNDLE_LOADER = "$(TEST_HOST)";
				CODE_SIGN_STYLE = Automatic;
				CURRENT_PROJECT_VERSION = 1;
				GENERATE_INFOPLIST_FILE = YES;
				IPHONEOS_DEPLOYMENT_TARGET = 17.5;
				MARKETING_VERSION = 1.0;
				PRODUCT_BUNDLE_IDENTIFIER = ca.algomau.cosc4596.fadebo.AlgomaLibraryTests;
				PRODUCT_NAME = "$(TARGET_NAME)";
				SWIFT_EMIT_LOC_STRINGS = NO;
				SWIFT_VERSION = 5.0;
				TARGETED_DEVICE_FAMILY = "1,2";
				TEST_HOST = "$(BUILT_PRODUCTS_DIR)/AlgomaLibrary.app/$(BUNDLE_EXECUTABLE_FOLDER_PATH)/AlgomaLibrary";
			};
			name = Release;
		};
		723036CB2C334F2E004BC6A5 /* Debug */ = {
			isa = XCBuildConfiguration;
			buildSettings = {
				ALWAYS_EMBED_SWIFT_STANDARD_LIBRARIES = YES;
				CODE_SIGN_STYLE = Automatic;
				CURRENT_PROJECT_VERSION = 1;
				GENERATE_INFOPLIST_FILE = YES;
				MARKETING_VERSION = 1.0;
				PRODUCT_BUNDLE_IDENTIFIER = ca.algomau.cosc4596.fadebo.AlgomaLibraryUITests;
				PRODUCT_NAME = "$(TARGET_NAME)";
				SWIFT_EMIT_LOC_STRINGS = NO;
				SWIFT_VERSION = 5.0;
				TARGETED_DEVICE_FAMILY = "1,2";
				TEST_TARGET_NAME = AlgomaLibrary;
			};
			name = Debug;
		};
		723036CC2C334F2E004BC6A5 /* Release */ = {
			isa = XCBuildConfiguration;
			buildSettings = {
				ALWAYS_EMBED_SWIFT_STANDARD_LIBRARIES = YES;
				CODE_SIGN_STYLE = Automatic;
				CURRENT_PROJECT_VERSION = 1;
				GENERATE_INFOPLIST_FILE = YES;
				MARKETING_VERSION = 1.0;
				PRODUCT_BUNDLE_IDENTIFIER = ca.algomau.cosc4596.fadebo.AlgomaLibraryUITests;
				PRODUCT_NAME = "$(TARGET_NAME)";
				SWIFT_EMIT_LOC_STRINGS = NO;
				SWIFT_VERSION = 5.0;
				TARGETED_DEVICE_FAMILY = "1,2";
				TEST_TARGET_NAME = AlgomaLibrary;
			};
			name = Release;
		};
/* End XCBuildConfiguration section */

/* Begin XCConfigurationList section */
		723036952C334F2D004BC6A5 /* Build configuration list for PBXProject "AlgomaLibrary" */ = {
			isa = XCConfigurationList;
			buildConfigurations = (
				723036C22C334F2E004BC6A5 /* Debug */,
				723036C32C334F2E004BC6A5 /* Release */,
			);
			defaultConfigurationIsVisible = 0;
			defaultConfigurationName = Release;
		};
		723036C42C334F2E004BC6A5 /* Build configuration list for PBXNativeTarget "AlgomaLibrary" */ = {
			isa = XCConfigurationList;
			buildConfigurations = (
				723036C52C334F2E004BC6A5 /* Debug */,
				723036C62C334F2E004BC6A5 /* Release */,
			);
			defaultConfigurationIsVisible = 0;
			defaultConfigurationName = Release;
		};
		723036C72C334F2E004BC6A5 /* Build configuration list for PBXNativeTarget "AlgomaLibraryTests" */ = {
			isa = XCConfigurationList;
			buildConfigurations = (
				723036C82C334F2E004BC6A5 /* Debug */,
				723036C92C334F2E004BC6A5 /* Release */,
			);
			defaultConfigurationIsVisible = 0;
			defaultConfigurationName = Release;
		};
		723036CA2C334F2E004BC6A5 /* Build configuration list for PBXNativeTarget "AlgomaLibraryUITests" */ = {
			isa = XCConfigurationList;
			buildConfigurations = (
				723036CB2C334F2E004BC6A5 /* Debug */,
				723036CC2C334F2E004BC6A5 /* Release */,
			);
			defaultConfigurationIsVisible = 0;
			defaultConfigurationName = Release;
		};
/* End XCConfigurationList section */

/* Begin XCRemoteSwiftPackageReference section */
		7232B0ED2C4B350500E073D9 /* XCRemoteSwiftPackageReference "firebase-ios-sdk" */ = {
			isa = XCRemoteSwiftPackageReference;
			repositoryURL = "https://github.com/firebase/firebase-ios-sdk";
			requirement = {
				kind = upToNextMajorVersion;
				minimumVersion = 10.29.0;
			};
		};
/* End XCRemoteSwiftPackageReference section */

/* Begin XCSwiftPackageProductDependency section */
		7232B0EE2C4B350600E073D9 /* FirebaseAnalytics */ = {
			isa = XCSwiftPackageProductDependency;
			package = 7232B0ED2C4B350500E073D9 /* XCRemoteSwiftPackageReference "firebase-ios-sdk" */;
			productName = FirebaseAnalytics;
		};
		7232B0F02C4B350600E073D9 /* FirebaseAnalyticsOnDeviceConversion */ = {
			isa = XCSwiftPackageProductDependency;
			package = 7232B0ED2C4B350500E073D9 /* XCRemoteSwiftPackageReference "firebase-ios-sdk" */;
			productName = FirebaseAnalyticsOnDeviceConversion;
		};
		7232B0F22C4B350600E073D9 /* FirebaseAnalyticsSwift */ = {
			isa = XCSwiftPackageProductDependency;
			package = 7232B0ED2C4B350500E073D9 /* XCRemoteSwiftPackageReference "firebase-ios-sdk" */;
			productName = FirebaseAnalyticsSwift;
		};
		7232B0F42C4B350600E073D9 /* FirebaseAnalyticsWithoutAdIdSupport */ = {
			isa = XCSwiftPackageProductDependency;
			package = 7232B0ED2C4B350500E073D9 /* XCRemoteSwiftPackageReference "firebase-ios-sdk" */;
			productName = FirebaseAnalyticsWithoutAdIdSupport;
		};
		7232B0F62C4B350600E073D9 /* FirebaseAppCheck */ = {
			isa = XCSwiftPackageProductDependency;
			package = 7232B0ED2C4B350500E073D9 /* XCRemoteSwiftPackageReference "firebase-ios-sdk" */;
			productName = FirebaseAppCheck;
		};
		7232B0F82C4B350600E073D9 /* FirebaseAppDistribution-Beta */ = {
			isa = XCSwiftPackageProductDependency;
			package = 7232B0ED2C4B350500E073D9 /* XCRemoteSwiftPackageReference "firebase-ios-sdk" */;
			productName = "FirebaseAppDistribution-Beta";
		};
		7232B0FA2C4B350600E073D9 /* FirebaseAuth */ = {
			isa = XCSwiftPackageProductDependency;
			package = 7232B0ED2C4B350500E073D9 /* XCRemoteSwiftPackageReference "firebase-ios-sdk" */;
			productName = FirebaseAuth;
		};
		7232B0FC2C4B350600E073D9 /* FirebaseAuthCombine-Community */ = {
			isa = XCSwiftPackageProductDependency;
			package = 7232B0ED2C4B350500E073D9 /* XCRemoteSwiftPackageReference "firebase-ios-sdk" */;
			productName = "FirebaseAuthCombine-Community";
		};
		7232B0FE2C4B350600E073D9 /* FirebaseCrashlytics */ = {
			isa = XCSwiftPackageProductDependency;
			package = 7232B0ED2C4B350500E073D9 /* XCRemoteSwiftPackageReference "firebase-ios-sdk" */;
			productName = FirebaseCrashlytics;
		};
		7232B1002C4B350600E073D9 /* FirebaseDatabase */ = {
			isa = XCSwiftPackageProductDependency;
			package = 7232B0ED2C4B350500E073D9 /* XCRemoteSwiftPackageReference "firebase-ios-sdk" */;
			productName = FirebaseDatabase;
		};
		7232B1022C4B350600E073D9 /* FirebaseDatabaseSwift */ = {
			isa = XCSwiftPackageProductDependency;
			package = 7232B0ED2C4B350500E073D9 /* XCRemoteSwiftPackageReference "firebase-ios-sdk" */;
			productName = FirebaseDatabaseSwift;
		};
		7232B1042C4B350600E073D9 /* FirebaseDynamicLinks */ = {
			isa = XCSwiftPackageProductDependency;
			package = 7232B0ED2C4B350500E073D9 /* XCRemoteSwiftPackageReference "firebase-ios-sdk" */;
			productName = FirebaseDynamicLinks;
		};
		7232B1062C4B350600E073D9 /* FirebaseFirestore */ = {
			isa = XCSwiftPackageProductDependency;
			package = 7232B0ED2C4B350500E073D9 /* XCRemoteSwiftPackageReference "firebase-ios-sdk" */;
			productName = FirebaseFirestore;
		};
		7232B1082C4B350600E073D9 /* FirebaseFirestoreCombine-Community */ = {
			isa = XCSwiftPackageProductDependency;
			package = 7232B0ED2C4B350500E073D9 /* XCRemoteSwiftPackageReference "firebase-ios-sdk" */;
			productName = "FirebaseFirestoreCombine-Community";
		};
		7232B10A2C4B350600E073D9 /* FirebaseFirestoreSwift */ = {
			isa = XCSwiftPackageProductDependency;
			package = 7232B0ED2C4B350500E073D9 /* XCRemoteSwiftPackageReference "firebase-ios-sdk" */;
			productName = FirebaseFirestoreSwift;
		};
		7232B10C2C4B350600E073D9 /* FirebaseFunctions */ = {
			isa = XCSwiftPackageProductDependency;
			package = 7232B0ED2C4B350500E073D9 /* XCRemoteSwiftPackageReference "firebase-ios-sdk" */;
			productName = FirebaseFunctions;
		};
		7232B10E2C4B350600E073D9 /* FirebaseFunctionsCombine-Community */ = {
			isa = XCSwiftPackageProductDependency;
			package = 7232B0ED2C4B350500E073D9 /* XCRemoteSwiftPackageReference "firebase-ios-sdk" */;
			productName = "FirebaseFunctionsCombine-Community";
		};
		7232B1102C4B350600E073D9 /* FirebaseInAppMessaging-Beta */ = {
			isa = XCSwiftPackageProductDependency;
			package = 7232B0ED2C4B350500E073D9 /* XCRemoteSwiftPackageReference "firebase-ios-sdk" */;
			productName = "FirebaseInAppMessaging-Beta";
		};
		7232B1122C4B350600E073D9 /* FirebaseInAppMessagingSwift-Beta */ = {
			isa = XCSwiftPackageProductDependency;
			package = 7232B0ED2C4B350500E073D9 /* XCRemoteSwiftPackageReference "firebase-ios-sdk" */;
			productName = "FirebaseInAppMessagingSwift-Beta";
		};
		7232B1142C4B350600E073D9 /* FirebaseInstallations */ = {
			isa = XCSwiftPackageProductDependency;
			package = 7232B0ED2C4B350500E073D9 /* XCRemoteSwiftPackageReference "firebase-ios-sdk" */;
			productName = FirebaseInstallations;
		};
		7232B1162C4B350600E073D9 /* FirebaseMLModelDownloader */ = {
			isa = XCSwiftPackageProductDependency;
			package = 7232B0ED2C4B350500E073D9 /* XCRemoteSwiftPackageReference "firebase-ios-sdk" */;
			productName = FirebaseMLModelDownloader;
		};
		7232B1182C4B350600E073D9 /* FirebaseMessaging */ = {
			isa = XCSwiftPackageProductDependency;
			package = 7232B0ED2C4B350500E073D9 /* XCRemoteSwiftPackageReference "firebase-ios-sdk" */;
			productName = FirebaseMessaging;
		};
		7232B11A2C4B350600E073D9 /* FirebasePerformance */ = {
			isa = XCSwiftPackageProductDependency;
			package = 7232B0ED2C4B350500E073D9 /* XCRemoteSwiftPackageReference "firebase-ios-sdk" */;
			productName = FirebasePerformance;
		};
		7232B11C2C4B350600E073D9 /* FirebaseRemoteConfig */ = {
			isa = XCSwiftPackageProductDependency;
			package = 7232B0ED2C4B350500E073D9 /* XCRemoteSwiftPackageReference "firebase-ios-sdk" */;
			productName = FirebaseRemoteConfig;
		};
		7232B11E2C4B350600E073D9 /* FirebaseRemoteConfigSwift */ = {
			isa = XCSwiftPackageProductDependency;
			package = 7232B0ED2C4B350500E073D9 /* XCRemoteSwiftPackageReference "firebase-ios-sdk" */;
			productName = FirebaseRemoteConfigSwift;
		};
		7232B1202C4B350600E073D9 /* FirebaseStorage */ = {
			isa = XCSwiftPackageProductDependency;
			package = 7232B0ED2C4B350500E073D9 /* XCRemoteSwiftPackageReference "firebase-ios-sdk" */;
			productName = FirebaseStorage;
		};
		7232B1222C4B350600E073D9 /* FirebaseStorageCombine-Community */ = {
			isa = XCSwiftPackageProductDependency;
			package = 7232B0ED2C4B350500E073D9 /* XCRemoteSwiftPackageReference "firebase-ios-sdk" */;
			productName = "FirebaseStorageCombine-Community";
		};
		7232B1242C4B350600E073D9 /* FirebaseVertexAI-Preview */ = {
			isa = XCSwiftPackageProductDependency;
			package = 7232B0ED2C4B350500E073D9 /* XCRemoteSwiftPackageReference "firebase-ios-sdk" */;
			productName = "FirebaseVertexAI-Preview";
		};
/* End XCSwiftPackageProductDependency section */
	};
	rootObject = 723036922C334F2D004BC6A5 /* Project object */;
}
